
Microsoft Visual Studio Solution File, Format Version 12.00
# Visual Studio 15
<<<<<<< HEAD
Project("{FAE04EC0-301F-11D3-BF4B-00C04F79EFBC}") = "sc.terrain.painter.runtime", "sc.terrain.painter.runtime.csproj", "{FC3A0656-C0D8-DD93-0A65-648E4B7FEF94}"
EndProject
Project("{FAE04EC0-301F-11D3-BF4B-00C04F79EFBC}") = "Assembly-CSharp", "Assembly-CSharp.csproj", "{C4DFAE78-7321-3DC3-A762-EA9B495C9703}"
EndProject
Project("{FAE04EC0-301F-11D3-BF4B-00C04F79EFBC}") = "sc.terrain.painter.editor", "sc.terrain.painter.editor.csproj", "{DCB40925-762B-618B-4385-5C6132E03E14}"
EndProject
Project("{FAE04EC0-301F-11D3-BF4B-00C04F79EFBC}") = "Assembly-CSharp-Editor", "Assembly-CSharp-Editor.csproj", "{8A1D105E-E030-7F94-E677-413339AC7FED}"
EndProject
=======
Project("{FAE04EC0-301F-11D3-BF4B-00C04F79EFBC}") = "Assembly-CSharp", "Assembly-CSharp.csproj", "{C4DFAE78-7321-3DC3-A762-EA9B495C9703}"
EndProject
>>>>>>> origin/Khanh
Global
	GlobalSection(SolutionConfigurationPlatforms) = preSolution
		Debug|Any CPU = Debug|Any CPU
		Release|Any CPU = Release|Any CPU
	EndGlobalSection
	GlobalSection(ProjectConfigurationPlatforms) = postSolution
<<<<<<< HEAD
		{FC3A0656-C0D8-DD93-0A65-648E4B7FEF94}.Debug|Any CPU.ActiveCfg = Debug|Any CPU
		{FC3A0656-C0D8-DD93-0A65-648E4B7FEF94}.Debug|Any CPU.Build.0 = Debug|Any CPU
		{FC3A0656-C0D8-DD93-0A65-648E4B7FEF94}.Release|Any CPU.ActiveCfg = Release|Any CPU
		{FC3A0656-C0D8-DD93-0A65-648E4B7FEF94}.Release|Any CPU.Build.0 = Release|Any CPU
=======
>>>>>>> origin/Khanh
		{C4DFAE78-7321-3DC3-A762-EA9B495C9703}.Debug|Any CPU.ActiveCfg = Debug|Any CPU
		{C4DFAE78-7321-3DC3-A762-EA9B495C9703}.Debug|Any CPU.Build.0 = Debug|Any CPU
		{C4DFAE78-7321-3DC3-A762-EA9B495C9703}.Release|Any CPU.ActiveCfg = Release|Any CPU
		{C4DFAE78-7321-3DC3-A762-EA9B495C9703}.Release|Any CPU.Build.0 = Release|Any CPU
<<<<<<< HEAD
		{DCB40925-762B-618B-4385-5C6132E03E14}.Debug|Any CPU.ActiveCfg = Debug|Any CPU
		{DCB40925-762B-618B-4385-5C6132E03E14}.Debug|Any CPU.Build.0 = Debug|Any CPU
		{DCB40925-762B-618B-4385-5C6132E03E14}.Release|Any CPU.ActiveCfg = Release|Any CPU
		{DCB40925-762B-618B-4385-5C6132E03E14}.Release|Any CPU.Build.0 = Release|Any CPU
		{8A1D105E-E030-7F94-E677-413339AC7FED}.Debug|Any CPU.ActiveCfg = Debug|Any CPU
		{8A1D105E-E030-7F94-E677-413339AC7FED}.Debug|Any CPU.Build.0 = Debug|Any CPU
		{8A1D105E-E030-7F94-E677-413339AC7FED}.Release|Any CPU.ActiveCfg = Release|Any CPU
		{8A1D105E-E030-7F94-E677-413339AC7FED}.Release|Any CPU.Build.0 = Release|Any CPU
=======
>>>>>>> origin/Khanh
	EndGlobalSection
	GlobalSection(SolutionProperties) = preSolution
		HideSolutionNode = FALSE
	EndGlobalSection
EndGlobal
